
Microsoft Visual Studio Solution File, Format Version 12.00
# Visual Studio Version 17
VisualStudioVersion = 17.1.32328.378
MinimumVisualStudioVersion = 10.0.40219.1
Project("{FAE04EC0-301F-11D3-BF4B-00C04F79EFBC}") = "MiniBurgerApp", "MiniBurgerApp\MiniBurgerApp.csproj", "{830BAEB2-5BEC-4923-8404-7A872A4FEB43}"
EndProject
Global
	GlobalSection(SolutionConfigurationPlatforms) = preSolution
		Debug|Any CPU = Debug|Any CPU
		Release|Any CPU = Release|Any CPU
	EndGlobalSection
	GlobalSection(ProjectConfigurationPlatforms) = postSolution
		{830BAEB2-5BEC-4923-8404-7A872A4FEB43}.Debug|Any CPU.ActiveCfg = Debug|Any CPU
		{830BAEB2-5BEC-4923-8404-7A872A4FEB43}.Debug|Any CPU.Build.0 = Debug|Any CPU
		{830BAEB2-5BEC-4923-8404-7A872A4FEB43}.Release|Any CPU.ActiveCfg = Release|Any CPU
		{830BAEB2-5BEC-4923-8404-7A872A4FEB43}.Release|Any CPU.Build.0 = Release|Any CPU
	EndGlobalSection
	GlobalSection(SolutionProperties) = preSolution
		HideSolutionNode = FALSE
	EndGlobalSection
	GlobalSection(ExtensibilityGlobals) = postSolution
		SolutionGuid = {FC636E7C-AF5A-4989-8F4F-599BAB06DFEE}
	EndGlobalSection
EndGlobal
